<?xml version="1.0" encoding="utf-8"?>
<Project ToolsVersion="4.0" xmlns="http://schemas.microsoft.com/developer/msbuild/2003">
  <ItemGroup>
    <Filter Include="utils">
      <UniqueIdentifier>{f1619770-9ea2-4404-9269-118b700f7067}</UniqueIdentifier>
    </Filter>
  </ItemGroup>
  <ItemGroup>
    <ClInclude Include="texturebufferview.hpp" />
    <ClInclude Include="textureformats.hpp" />
    <ClInclude Include="textureview.hpp" />
    <ClInclude Include="vertexarrayobject.hpp" />
    <ClInclude Include="persistentringbuffer.hpp" />
    <ClInclude Include="samplerobject.hpp" />
    <ClInclude Include="screenalignedtriangle.hpp" />
    <ClInclude Include="shaderdatametainfo.hpp" />
    <ClInclude Include="shaderobject.hpp" />
    <ClInclude Include="statemanagement.hpp" />
    <ClInclude Include="texture.hpp" />
    <ClInclude Include="texture2d.hpp" />
    <ClInclude Include="texture3d.hpp" />
    <ClInclude Include="buffer.hpp" />
    <ClInclude Include="framebufferobject.hpp" />
    <ClInclude Include="gl.hpp" />
    <ClInclude Include="utils\pathutils.hpp">
      <Filter>utils</Filter>
    </ClInclude>
    <ClInclude Include="utils\flagoperators.hpp">
      <Filter>utils</Filter>
    </ClInclude>
  </ItemGroup>
  <ItemGroup>
    <ClCompile Include="textureformats.cpp" />
    <ClCompile Include="textureview.cpp" />
    <ClCompile Include="vertexarrayobject.cpp" />
    <ClCompile Include="persistentringbuffer.cpp" />
    <ClCompile Include="samplerobject.cpp" />
    <ClCompile Include="screenalignedtriangle.cpp" />
    <ClCompile Include="shaderobject.cpp" />
    <ClCompile Include="statemanagement.cpp" />
    <ClCompile Include="texture.cpp" />
    <ClCompile Include="texture2d.cpp" />
    <ClCompile Include="texture3d.cpp" />
    <ClCompile Include="texturebufferview.cpp" />
    <ClCompile Include="buffer.cpp" />
    <ClCompile Include="framebufferobject.cpp" />
    <ClCompile Include="gl.cpp" />
    <ClCompile Include="utils\pathutils.cpp">
      <Filter>utils</Filter>
    </ClCompile>
  </ItemGroup>
  <ItemGroup>
    <None Include="shaderdatametainfo.inl" />
    <None Include="statemanagement.inl" />
    <None Include="buffer.inl" />
  </ItemGroup>
</Project>